
Microsoft Visual Studio Solution File, Format Version 12.00
# Visual Studio Version 17
VisualStudioVersion = 17.8.34525.116
MinimumVisualStudioVersion = 10.0.40219.1
Project("{9A19103F-16F7-4668-BE54-9A1E7A4F7556}") = "SatisfactoryCalculator", "SatisfactoryCalculator\SatisfactoryCalculator.csproj", "{F92C3757-5583-4C72-98C6-283883174A41}"
EndProject
Project("{FAE04EC0-301F-11D3-BF4B-00C04F79EFBC}") = "SatisfactoryCalculator.Tests", "SatisfactoryCalculator.Tests\SatisfactoryCalculator.Tests.csproj", "{9CE5824A-C551-4DED-82FC-24E34AD088C0}"
EndProject
Global
	GlobalSection(SolutionConfigurationPlatforms) = preSolution
		Debug|Any CPU = Debug|Any CPU
		Release|Any CPU = Release|Any CPU
	EndGlobalSection
	GlobalSection(ProjectConfigurationPlatforms) = postSolution
		{F92C3757-5583-4C72-98C6-283883174A41}.Debug|Any CPU.ActiveCfg = Debug|Any CPU
		{F92C3757-5583-4C72-98C6-283883174A41}.Debug|Any CPU.Build.0 = Debug|Any CPU
		{F92C3757-5583-4C72-98C6-283883174A41}.Release|Any CPU.ActiveCfg = Release|Any CPU
		{F92C3757-5583-4C72-98C6-283883174A41}.Release|Any CPU.Build.0 = Release|Any CPU
		{9CE5824A-C551-4DED-82FC-24E34AD088C0}.Debug|Any CPU.ActiveCfg = Debug|Any CPU
		{9CE5824A-C551-4DED-82FC-24E34AD088C0}.Debug|Any CPU.Build.0 = Debug|Any CPU
		{9CE5824A-C551-4DED-82FC-24E34AD088C0}.Release|Any CPU.ActiveCfg = Release|Any CPU
		{9CE5824A-C551-4DED-82FC-24E34AD088C0}.Release|Any CPU.Build.0 = Release|Any CPU
	EndGlobalSection
	GlobalSection(SolutionProperties) = preSolution
		HideSolutionNode = FALSE
	EndGlobalSection
	GlobalSection(ExtensibilityGlobals) = postSolution
		SolutionGuid = {41796C07-2BA1-40FE-9B48-EB42AEE6FF76}
	EndGlobalSection
EndGlobal
